
Microsoft Visual Studio Solution File, Format Version 12.00
# Visual Studio Version 16
VisualStudioVersion = 16.0.29306.81
MinimumVisualStudioVersion = 10.0.40219.1
Project("{FAE04EC0-301F-11D3-BF4B-00C04F79EFBC}") = "Klasa Proces-EM", "Klasa Proces-EM\Klasa Proces-EM.csproj", "{1A763BBC-F85D-4B8F-B78B-8D7F5C137C1D}"
EndProject
Global
	GlobalSection(SolutionConfigurationPlatforms) = preSolution
		Debug|Any CPU = Debug|Any CPU
		Release|Any CPU = Release|Any CPU
	EndGlobalSection
	GlobalSection(ProjectConfigurationPlatforms) = postSolution
		{1A763BBC-F85D-4B8F-B78B-8D7F5C137C1D}.Debug|Any CPU.ActiveCfg = Debug|Any CPU
		{1A763BBC-F85D-4B8F-B78B-8D7F5C137C1D}.Debug|Any CPU.Build.0 = Debug|Any CPU
		{1A763BBC-F85D-4B8F-B78B-8D7F5C137C1D}.Release|Any CPU.ActiveCfg = Release|Any CPU
		{1A763BBC-F85D-4B8F-B78B-8D7F5C137C1D}.Release|Any CPU.Build.0 = Release|Any CPU
	EndGlobalSection
	GlobalSection(SolutionProperties) = preSolution
		HideSolutionNode = FALSE
	EndGlobalSection
	GlobalSection(ExtensibilityGlobals) = postSolution
		SolutionGuid = {B003224A-EC98-497B-B782-0678CDE1C615}
	EndGlobalSection
EndGlobal
